dependencies:
  axios: 0.21.1
lockfileVersion: 5.2
packages:
  /axios/0.21.1:
    dependencies:
      follow-redirects: 1.13.1
    dev: false
    resolution:
      integrity: sha512-dKQiRHxGD9PPRIUNIWvZhPTPpl1rf/OxTYKsqKUDjBwYylTvV7SjSHJb9ratfyzM6wCdLCOYLzs73qpg5c4iGA==
  /follow-redirects/1.13.1:
    dev: false
    engines:
      node: '>=4.0'
    peerDependencies:
      debug: '*'
    peerDependenciesMeta:
      debug:
        optional: true
    resolution:
      integrity: sha512-SSG5xmZh1mkPGyKzjZP8zLjltIfpW32Y5QpdNJyjcfGxK3qo3NDDkZOZSFiGn1A6SclQxY9GzEwAHQ3dmYRWpg==
specifiers:
  axios: ^0.21.1
